
Microsoft Visual Studio Solution File, Format Version 12.00
# Visual Studio Version 17
VisualStudioVersion = 17.5.002.0
MinimumVisualStudioVersion = 10.0.40219.1
Project("{2150E333-8FDC-42A3-9474-1A3956D46DE8}") = "S3MailGenerator", "S3MailGenerator", "{1ACA4D3A-077D-410B-BD6F-DA1DF04AFED0}"
EndProject
Project("{2150E333-8FDC-42A3-9474-1A3956D46DE8}") = "src", "src", "{9143B8CE-C979-40A4-9DB7-6461C51B6A07}"
EndProject
Project("{9A19103F-16F7-4668-BE54-9A1E7A4F7556}") = "S3MailGenerator", "S3MailGenerator\src\S3MailGenerator\S3MailGenerator.csproj", "{D274206F-5CC5-4178-AD1C-1E85FE0FA2D3}"
EndProject
Project("{2150E333-8FDC-42A3-9474-1A3956D46DE8}") = "test", "test", "{4DD966B8-A4CC-4CAF-ACE9-C46496AFC01B}"
EndProject
Project("{9A19103F-16F7-4668-BE54-9A1E7A4F7556}") = "S3MailGenerator.Tests", "S3MailGenerator\test\S3MailGenerator.Tests\S3MailGenerator.Tests.csproj", "{D50F64BE-44CE-4FD6-ABD8-D1941DFB2B7F}"
EndProject
Global
	GlobalSection(SolutionConfigurationPlatforms) = preSolution
		Debug|Any CPU = Debug|Any CPU
		Release|Any CPU = Release|Any CPU
	EndGlobalSection
	GlobalSection(ProjectConfigurationPlatforms) = postSolution
		{D274206F-5CC5-4178-AD1C-1E85FE0FA2D3}.Debug|Any CPU.ActiveCfg = Debug|Any CPU
		{D274206F-5CC5-4178-AD1C-1E85FE0FA2D3}.Debug|Any CPU.Build.0 = Debug|Any CPU
		{D274206F-5CC5-4178-AD1C-1E85FE0FA2D3}.Release|Any CPU.ActiveCfg = Release|Any CPU
		{D274206F-5CC5-4178-AD1C-1E85FE0FA2D3}.Release|Any CPU.Build.0 = Release|Any CPU
		{D50F64BE-44CE-4FD6-ABD8-D1941DFB2B7F}.Debug|Any CPU.ActiveCfg = Debug|Any CPU
		{D50F64BE-44CE-4FD6-ABD8-D1941DFB2B7F}.Debug|Any CPU.Build.0 = Debug|Any CPU
		{D50F64BE-44CE-4FD6-ABD8-D1941DFB2B7F}.Release|Any CPU.ActiveCfg = Release|Any CPU
		{D50F64BE-44CE-4FD6-ABD8-D1941DFB2B7F}.Release|Any CPU.Build.0 = Release|Any CPU
	EndGlobalSection
	GlobalSection(SolutionProperties) = preSolution
		HideSolutionNode = FALSE
	EndGlobalSection
	GlobalSection(NestedProjects) = preSolution
		{9143B8CE-C979-40A4-9DB7-6461C51B6A07} = {1ACA4D3A-077D-410B-BD6F-DA1DF04AFED0}
		{D274206F-5CC5-4178-AD1C-1E85FE0FA2D3} = {9143B8CE-C979-40A4-9DB7-6461C51B6A07}
		{4DD966B8-A4CC-4CAF-ACE9-C46496AFC01B} = {1ACA4D3A-077D-410B-BD6F-DA1DF04AFED0}
		{D50F64BE-44CE-4FD6-ABD8-D1941DFB2B7F} = {4DD966B8-A4CC-4CAF-ACE9-C46496AFC01B}
	EndGlobalSection
	GlobalSection(ExtensibilityGlobals) = postSolution
		SolutionGuid = {31E0CA18-5B4F-4F8C-BC18-8261AECDCAA7}
	EndGlobalSection
EndGlobal
